<?xml version="1.0" encoding="utf-8"?>
<Project ToolsVersion="4.0" xmlns="http://schemas.microsoft.com/developer/msbuild/2003">
  <ItemGroup>
    <Filter Include="include">
      <UniqueIdentifier>{93995380-89BD-4b04-88EB-625FBE52EBFB}</UniqueIdentifier>
      <Extensions>h;hh;hpp;hxx;h++;hm;inl;inc;ipp;xsd</Extensions>
    </Filter>
    <Filter Include="source">
      <UniqueIdentifier>{4FC737F1-C7A5-4376-A066-2A32D752A2FF}</UniqueIdentifier>
      <Extensions>cpp;c;cc;cxx;c++;cppm;ixx;def;odl;idl;hpj;bat;asm;asmx</Extensions>
    </Filter>
    <Filter Include="include\detail">
      <UniqueIdentifier>{c00a52e1-e31e-4c79-bc4c-ea89f33a666c}</UniqueIdentifier>
    </Filter>
    <Filter Include="source\detail">
      <UniqueIdentifier>{57ec18a5-92f7-4384-93f4-ad7733c04f59}</UniqueIdentifier>
    </Filter>
  </ItemGroup>
  <ItemGroup>
    <ClInclude Include="..\..\include\gl\buffer.hpp">
      <Filter>include</Filter>
    </ClInclude>
    <ClInclude Include="..\..\include\gl\misc.hpp">
      <Filter>include</Filter>
    </ClInclude>
    <ClInclude Include="..\..\include\gl\shader.hpp">
      <Filter>include</Filter>
    </ClInclude>
    <ClInclude Include="..\..\include\gl\vertex_array.hpp">
      <Filter>include</Filter>
    </ClInclude>
    <ClInclude Include="..\..\include\gl\detail\state.hpp">
      <Filter>include\detail</Filter>
    </ClInclude>
    <ClInclude Include="..\..\include\gl\texture.hpp">
      <Filter>include</Filter>
    </ClInclude>
    <ClInclude Include="..\..\include\gl\gl.hpp" />
    <ClInclude Include="..\..\include\gl\detail\window.hpp">
      <Filter>include\detail</Filter>
    </ClInclude>
  </ItemGroup>
  <ItemGroup>
    <ClCompile Include="..\..\source\gl\buffer.cpp">
      <Filter>source</Filter>
    </ClCompile>
    <ClCompile Include="..\..\source\gl\misc.cpp">
      <Filter>source</Filter>
    </ClCompile>
    <ClCompile Include="..\..\source\gl\shader.cpp">
      <Filter>source</Filter>
    </ClCompile>
    <ClCompile Include="..\..\source\gl\vertex_array.cpp">
      <Filter>source</Filter>
    </ClCompile>
    <ClCompile Include="..\..\source\gl\detail\state.cpp">
      <Filter>source\detail</Filter>
    </ClCompile>
    <ClCompile Include="..\..\source\gl\texture.cpp">
      <Filter>source</Filter>
    </ClCompile>
    <ClCompile Include="..\..\source\gl\detail\convert.cpp">
      <Filter>source\detail</Filter>
    </ClCompile>
    <ClCompile Include="..\..\source\gl\detail\window.cpp">
      <Filter>source\detail</Filter>
    </ClCompile>
  </ItemGroup>
</Project>