<?xml version="1.0" encoding="utf-8"?>
<Project ToolsVersion="4.0" xmlns="http://schemas.microsoft.com/developer/msbuild/2003">
  <ItemGroup>
    <Filter Include="include">
      <UniqueIdentifier>{9da9c1c7-be45-42c6-b350-20dbb7dbb6d2}</UniqueIdentifier>
    </Filter>
    <Filter Include="source">
      <UniqueIdentifier>{08675981-6e61-4d3c-9e30-c69602abe6a0}</UniqueIdentifier>
    </Filter>
  </ItemGroup>
  <ItemGroup>
    <ClInclude Include="..\..\include\ui\entity.hpp">
      <Filter>include</Filter>
    </ClInclude>
    <ClInclude Include="..\..\include\ui\zone.hpp">
      <Filter>include</Filter>
    </ClInclude>
  </ItemGroup>
  <ItemGroup>
    <ClCompile Include="..\..\source\ui\entity.cpp">
      <Filter>source</Filter>
    </ClCompile>
    <ClCompile Include="..\..\source\ui\zone.cpp">
      <Filter>source</Filter>
    </ClCompile>
  </ItemGroup>
</Project>