<?xml version="1.0" encoding="utf-8"?>
<Project ToolsVersion="4.0" xmlns="http://schemas.microsoft.com/developer/msbuild/2003">
  <ItemGroup>
    <Filter Include="include">
      <UniqueIdentifier>{93995380-89BD-4b04-88EB-625FBE52EBFB}</UniqueIdentifier>
      <Extensions>h;hh;hpp;hxx;h++;hm;inl;inc;ipp;xsd</Extensions>
    </Filter>
    <Filter Include="source">
      <UniqueIdentifier>{4FC737F1-C7A5-4376-A066-2A32D752A2FF}</UniqueIdentifier>
      <Extensions>cpp;c;cc;cxx;c++;cppm;ixx;def;odl;idl;hpj;bat;asm;asmx</Extensions>
    </Filter>
    <Filter Include="include\core">
      <UniqueIdentifier>{b95f66ed-4911-452d-8dc9-e0681599a7e7}</UniqueIdentifier>
    </Filter>
  </ItemGroup>
  <ItemGroup>
    <ClInclude Include="..\..\include\msdfgen\core\arithmetics.hpp">
      <Filter>include\core</Filter>
    </ClInclude>
    <ClInclude Include="..\..\include\msdfgen\core\Bitmap.h">
      <Filter>include\core</Filter>
    </ClInclude>
    <ClInclude Include="..\..\include\msdfgen\core\Bitmap.hpp">
      <Filter>include\core</Filter>
    </ClInclude>
    <ClInclude Include="..\..\include\msdfgen\core\BitmapRef.hpp">
      <Filter>include\core</Filter>
    </ClInclude>
    <ClInclude Include="..\..\include\msdfgen\core\Contour.h">
      <Filter>include\core</Filter>
    </ClInclude>
    <ClInclude Include="..\..\include\msdfgen\core\contour-combiners.h">
      <Filter>include\core</Filter>
    </ClInclude>
    <ClInclude Include="..\..\include\msdfgen\core\EdgeColor.h">
      <Filter>include\core</Filter>
    </ClInclude>
    <ClInclude Include="..\..\include\msdfgen\core\edge-coloring.h">
      <Filter>include\core</Filter>
    </ClInclude>
    <ClInclude Include="..\..\include\msdfgen\core\EdgeHolder.h">
      <Filter>include\core</Filter>
    </ClInclude>
    <ClInclude Include="..\..\include\msdfgen\core\edge-segments.h">
      <Filter>include\core</Filter>
    </ClInclude>
    <ClInclude Include="..\..\include\msdfgen\core\edge-selectors.h">
      <Filter>include\core</Filter>
    </ClInclude>
    <ClInclude Include="..\..\include\msdfgen\core\equation-solver.h">
      <Filter>include\core</Filter>
    </ClInclude>
    <ClInclude Include="..\..\include\msdfgen\core\estimate-sdf-error.h">
      <Filter>include\core</Filter>
    </ClInclude>
    <ClInclude Include="..\..\include\msdfgen\core\pixel-conversion.hpp">
      <Filter>include\core</Filter>
    </ClInclude>
    <ClInclude Include="..\..\include\msdfgen\core\rasterization.h">
      <Filter>include\core</Filter>
    </ClInclude>
    <ClInclude Include="..\..\include\msdfgen\core\render-sdf.h">
      <Filter>include\core</Filter>
    </ClInclude>
    <ClInclude Include="..\..\include\msdfgen\core\save-bmp.h">
      <Filter>include\core</Filter>
    </ClInclude>
    <ClInclude Include="..\..\include\msdfgen\core\save-tiff.h">
      <Filter>include\core</Filter>
    </ClInclude>
    <ClInclude Include="..\..\include\msdfgen\core\Scanline.h">
      <Filter>include\core</Filter>
    </ClInclude>
    <ClInclude Include="..\..\include\msdfgen\core\Shape.h">
      <Filter>include\core</Filter>
    </ClInclude>
    <ClInclude Include="..\..\include\msdfgen\core\shape-description.h">
      <Filter>include\core</Filter>
    </ClInclude>
    <ClInclude Include="..\..\include\msdfgen\core\SignedDistance.h">
      <Filter>include\core</Filter>
    </ClInclude>
    <ClInclude Include="..\..\include\msdfgen\core\Vector2.h">
      <Filter>include\core</Filter>
    </ClInclude>
    <ClInclude Include="..\..\include\msdfgen\msdfgen.h">
      <Filter>include</Filter>
    </ClInclude>
  </ItemGroup>
  <ItemGroup>
    <ClCompile Include="..\..\source\msdfgen\Contour.cpp">
      <Filter>source</Filter>
    </ClCompile>
    <ClCompile Include="..\..\source\msdfgen\contour-combiners.cpp">
      <Filter>source</Filter>
    </ClCompile>
    <ClCompile Include="..\..\source\msdfgen\edge-coloring.cpp">
      <Filter>source</Filter>
    </ClCompile>
    <ClCompile Include="..\..\source\msdfgen\EdgeHolder.cpp">
      <Filter>source</Filter>
    </ClCompile>
    <ClCompile Include="..\..\source\msdfgen\edge-segments.cpp">
      <Filter>source</Filter>
    </ClCompile>
    <ClCompile Include="..\..\source\msdfgen\edge-selectors.cpp">
      <Filter>source</Filter>
    </ClCompile>
    <ClCompile Include="..\..\source\msdfgen\equation-solver.cpp">
      <Filter>source</Filter>
    </ClCompile>
    <ClCompile Include="..\..\source\msdfgen\estimate-sdf-error.cpp">
      <Filter>source</Filter>
    </ClCompile>
    <ClCompile Include="..\..\source\msdfgen\msdfgen.cpp">
      <Filter>source</Filter>
    </ClCompile>
    <ClCompile Include="..\..\source\msdfgen\rasterization.cpp">
      <Filter>source</Filter>
    </ClCompile>
    <ClCompile Include="..\..\source\msdfgen\render-sdf.cpp">
      <Filter>source</Filter>
    </ClCompile>
    <ClCompile Include="..\..\source\msdfgen\save-bmp.cpp">
      <Filter>source</Filter>
    </ClCompile>
    <ClCompile Include="..\..\source\msdfgen\save-tiff.cpp">
      <Filter>source</Filter>
    </ClCompile>
    <ClCompile Include="..\..\source\msdfgen\Scanline.cpp">
      <Filter>source</Filter>
    </ClCompile>
    <ClCompile Include="..\..\source\msdfgen\Shape.cpp">
      <Filter>source</Filter>
    </ClCompile>
    <ClCompile Include="..\..\source\msdfgen\shape-description.cpp">
      <Filter>source</Filter>
    </ClCompile>
    <ClCompile Include="..\..\source\msdfgen\SignedDistance.cpp">
      <Filter>source</Filter>
    </ClCompile>
    <ClCompile Include="..\..\source\msdfgen\Vector2.cpp">
      <Filter>source</Filter>
    </ClCompile>
  </ItemGroup>
</Project>